# Written by eyecantell/dev-cadence sync.sh — do not edit by hand.
source: https://github.com/eyecantell/dev-cadence
commit: d0962ad
files_commit: 3cae66f2c52d4625b62013a51d79466baac8907d
synced: 2026-10-03T15:18:31Z
file: docs/cadence.md 1d52d0f22795cf6db2a5e1f58e054462e21ffccdef1ba66ec8ae6928c496227b 644
file: docs/cadence-rationale.md 95441b8c98eb16adb107871c53c6f168fabb1121effeba0259d4c4bcf61b0b10 644
file: docs/cadence-incidents.md c84f86aa67526fa481a81bd1bae4cb788b76b2798d78ed25deea215587726b19 644
file: docs/cadence-changes.md 542f5782007f1f2fb33ffc64f93235aece4f87ab71d6099960882307351ca2a1 644
file: docs/adr-template.md a9844d63a9b82c3154cce9955d02eba22709eedc56f0481f512a15c938bfffc6 644
file: .claude/skills/stranded-work/SKILL.md 3fbcd99c6a25ccb3c69b47e4a08fef9f8fca43ba68ee278978c314e4afb9e715 644
file: .claude/skills/attention/SKILL.md 525ecf170a270ec8e02b3ea461cf271aeadf948b9bd13566aaa5bbeefa266303 644
file: .claude/skills/cadence/SKILL.md 93d9e279bed04b09d8156eced74ba89a818f00895cdc2399e44eec34bb648c22 644
file: scripts/check_claude_memory.sh 6fd0cafb36f345f63dfbb6d66cd0c1175eab592f694c1a8db04a270b4da498fd 755
file: scripts/check_anchor.py 0038197e66591d9b744ebd71e316290ae5bd4e1e347e871804ad35b14443664d 755
file: scripts/nudge_user_attention.py f78be45f0634fc574eb94dfea43d0e298f82c2186122a0cd765daab6140b80f9 755
file: scripts/board_edit.py 1b30efe226f08f40e2cfd13e3fefc8da6708b243164497bc75e14a1eb2f5205a 755
file: scripts/ledger.py 08b7311bb9db6f901b816ee0f5df6f48b7c4604ff0ef1da8eba279cc7481335a 755
file: scripts/list_sessions.py 0e8115c5acbb315d10097c0cef0bae2c31b06b8c21134ed99d5211e826a50cb1 755
file: scripts/generate_session_index.sh bd72f9020df4d978a168ca984ed34abbd1b4c99319cb7f0585b1cb6e1754dcda 755
file: scripts/generate_workspace.sh 34f90165104b67fd306712447a75768eb0128ffebdfb099cb50630276326247d 755
file: scripts/open_worktree.sh 45cff745882824af4d4360ad7407df3cceecbe582ce823b215755b157fc68778 755
file: scripts/hydrate_worktree.sh b8a69378ccd0ef4ef2277358dc09b496afaea96dae7cfef3214bf17c5e610711 755
file: scripts/reap_worktrees.sh efc2418fc568c3f674dedd92b0145a39ac3315200de5a9d1a3d9faabfa3a0f58 755
file: scripts/adopt_repo_settings.sh b71cffaa54d00b0897b7d054e5c45e4611733506723901ed8f6025d2b367a615 755
file: scripts/check_cadence.py 52cc74b4e25a574d2691a4eef4038c9ec8c7a82722f05758eeae6362cde3ca7c 755
file: scripts/check_base.py 9ba2b204638ad7404f3e5da22ea3f78878ba6164d9a66ade4b8cb7c55db0d205 755
file: scripts/cadence_changes.py 9fc029d67696138c4c0434da93b36b01d413e76898d6f30e22bb0f5e0efc25ba 755
file: scripts/cadence_hooks.sh 1a6ca667ba87820ac264f0a37d9cfb3af2a3e62792a4ba7d18e11474bffb90b9 755
file: scripts/install_git_hooks.sh 06f937e3275c2b023d98e4da3dfce7db7ea3eb61cda1c719477a00115f82b0c0 755
file: scripts/git-hooks/pre-push b9be3bdaa64aa9c7a1e6920230a4586ececa6e5844afbed6ec0490fc04d62bdc 755
file: scripts/git-hooks/post-merge ca1c66653ae87d068a7d9f66cd4da90dc9879250561b00231a0080ca7157f736 755
file: scripts/git-hooks/prepare-commit-msg ed3327fb13255bdfa7a1eb4a4166fd460da32cb7a9262523a94e84a7d1d3cc61 755
