# Written by eyecantell/dev-cadence sync.sh — do not edit by hand.
source: https://github.com/eyecantell/dev-cadence
commit: c911aaf
files_commit: c911aafb812e6a872d733e0d57d72015daaba8bc
synced: 2026-09-29T21:13:40Z
file: docs/cadence.md d233b93d5a9aa9eb17694713926b33a4af3c784a968000d67c3feca888ade9aa 644
file: docs/cadence-rationale.md 8b8e76fb3ccdd8c444cc0487e433837d57fdac44943ddf2b1e8d3934a4820f67 644
file: docs/cadence-incidents.md c84f86aa67526fa481a81bd1bae4cb788b76b2798d78ed25deea215587726b19 644
file: docs/cadence-changes.md 189c08a849688db7c499bd71ddb0602aeb982a8ec75ddb8f6a50261c47d5da59 644
file: docs/adr-template.md a9844d63a9b82c3154cce9955d02eba22709eedc56f0481f512a15c938bfffc6 644
file: .claude/skills/stranded-work/SKILL.md 9050d2112e874df5ff229f4b4d11f911b2fcd20ce84631be2459ea922292b093 644
file: .claude/skills/attention/SKILL.md 525ecf170a270ec8e02b3ea461cf271aeadf948b9bd13566aaa5bbeefa266303 644
file: .claude/skills/cadence/SKILL.md ec2ed424f3099bca131bf6349bed8d096df4ac021d22819ea7264154fa489001 644
file: scripts/check_claude_memory.sh 93a6d2775ace28010ce1118098a3589e7c43541dced6570b7c837fcd2af065a4 755
file: scripts/check_anchor.py 0038197e66591d9b744ebd71e316290ae5bd4e1e347e871804ad35b14443664d 755
file: scripts/nudge_user_attention.py ab2e7a6b98f93ed5d7948b0bf3688b3be892a6f35b8c0030dc5ce2a2032ecee7 755
file: scripts/board_edit.py 90b8c226d2cd1445a55d5174cbca4c8209d61413737d874576455ffdc4bee8a8 755
file: scripts/ledger.py fe420545986d95e3bbd0c0d86e3a1fddb2d12d8877af39b4e5a6e7ceef1f9793 755
file: scripts/list_sessions.py 0e8115c5acbb315d10097c0cef0bae2c31b06b8c21134ed99d5211e826a50cb1 755
file: scripts/generate_session_index.sh bd72f9020df4d978a168ca984ed34abbd1b4c99319cb7f0585b1cb6e1754dcda 755
file: scripts/generate_workspace.sh 34f90165104b67fd306712447a75768eb0128ffebdfb099cb50630276326247d 755
file: scripts/open_worktree.sh 45cff745882824af4d4360ad7407df3cceecbe582ce823b215755b157fc68778 755
file: scripts/hydrate_worktree.sh 70ed2585ed72763039a37322398b50e0652cbd8c42d008588d475c5235e057af 755
file: scripts/reap_worktrees.sh 026e7619895fb70f96f4b15333d8e93800db6b4eef39fa24fa4a238201391e4e 755
file: scripts/adopt_repo_settings.sh b71cffaa54d00b0897b7d054e5c45e4611733506723901ed8f6025d2b367a615 755
file: scripts/check_cadence.py 931c6ff3416a0a643d4066c885bff6f54132cbf109e08d1e9978954878c12201 755
file: scripts/check_base.py 9ba2b204638ad7404f3e5da22ea3f78878ba6164d9a66ade4b8cb7c55db0d205 755
file: scripts/cadence_changes.py 9fc029d67696138c4c0434da93b36b01d413e76898d6f30e22bb0f5e0efc25ba 755
file: scripts/cadence_hooks.sh 6afed876825f567e7dac99a3f68924c6f96d57d90b36d703ff9509079d4527e7 755
file: scripts/install_git_hooks.sh 39f6dc0599d63b34e7b39739e6c811eb104b9d3f26de4ba2e8eb419a3e4ed291 755
file: scripts/git-hooks/pre-push b9be3bdaa64aa9c7a1e6920230a4586ececa6e5844afbed6ec0490fc04d62bdc 755
file: scripts/git-hooks/post-merge ca1c66653ae87d068a7d9f66cd4da90dc9879250561b00231a0080ca7157f736 755
file: scripts/git-hooks/prepare-commit-msg ed3327fb13255bdfa7a1eb4a4166fd460da32cb7a9262523a94e84a7d1d3cc61 755
